<?xml version="1.0" encoding="utf-8"?>
<Project ToolsVersion="4.0" xmlns="http://schemas.microsoft.com/developer/msbuild/2003">
  <ItemGroup>
    <ClCompile Include="..\..\..\src\raylib_game.c" />
    <ClCompile Include="..\..\..\src\sprite2.c" />
    <ClCompile Include="..\..\..\src\startButton.c" />
    <ClCompile Include="..\..\..\src\text.c" />
    <ClCompile Include="..\..\..\src\button1.c" />
    <ClCompile Include="..\..\..\src\button2.c" />
    <ClCompile Include="..\..\..\src\goButton.c" />
    <ClCompile Include="..\..\..\src\stationSelect.c" />
  </ItemGroup>
  <ItemGroup>
    <ResourceCompile Include="..\..\..\src\raylib_game.rc" />
  </ItemGroup>
  <ItemGroup>
    <ClInclude Include="globals.h" />
    <ClInclude Include="..\..\..\src\globals.h" />
    <ClInclude Include="..\..\..\src\sprite2.h" />
    <ClInclude Include="..\..\..\src\startButton.h" />
    <ClInclude Include="..\..\..\src\text.h" />
    <ClInclude Include="..\..\..\src\button1.h" />
    <ClInclude Include="..\..\..\src\button2.h" />
    <ClInclude Include="..\..\..\src\goButton.h" />
    <ClInclude Include="..\..\..\src\stationSelect.h" />
  </ItemGroup>
</Project>